schema: '2.0'
stages:
  train:
    cmd: python -m src.eval.run train -t single_agent -m gemini-2.5-flash -r 
      true -e
    deps:
    - path: data/goldens/single_agent/train.json
      hash: md5
      md5: 82fcdae8c24a2b4505a45f6a3a69280a
      size: 56338
    - path: src/eval/evaluators/agent_evals/trainer.py
      hash: md5
      md5: ba5475afbfc7d11169d64f1ae133494b
      size: 4816
    - path: src/eval/run.py
      hash: md5
      md5: cc65335eeb8d891c69f998e31967de52
      size: 7281
    - path: src/prompt_templates
      hash: md5
      md5: 61ae47cbe2a82b09f18a2c833fda614e.dir
      size: 119598
      nfiles: 39
    params:
      params.yaml:
        train.agent_name: single_agent
        train.model: gemini-2.5-flash
        train.rag: true
    outs:
    - path: runs/train_runs
      hash: md5
      md5: cd0e2a442bcb32ecddde149ee0b1abd4.dir
      size: 70771
      nfiles: 8
  eval:
    cmd: python -m src.eval.run eval -t single_agent -m gemini-2.5-flash -r true
      -e
    deps:
    - path: data/goldens/single_agent/eval.json
      hash: md5
      md5: b9b6a6fc0ce4bf72cd0e9d266ddbb478
      size: 43313
    - path: src/eval/evaluators/agent_evals/evaluator.py
      hash: md5
      md5: 57a47596b26744cb0c28d0fb239984e1
      size: 3167
    - path: src/eval/run.py
      hash: md5
      md5: 291d4a51cb3c665470f6667cdba4e789
      size: 7281
    params:
      params.yaml:
        eval.agent_name: single_agent
        eval.model: gemini-2.5-flash
        eval.rag: true
    outs:
    - path: runs/eval_runs
      hash: md5
      md5: 6568d88e7017cacb2a2942aaf3732618.dir
      size: 16922
      nfiles: 4
